// !$*UTF8*$!
{
	archiveVersion = 1;
	classes = {
	};
	objectVersion = 50;
	objects = {

/* Begin PBXBuildFile section */
		9C0842F82226372200EB8F85 /* AppDelegate.swift in Sources */ = {isa = PBXBuildFile; fileRef = 9C0842F72226372200EB8F85 /* AppDelegate.swift */; };
		9C0842FA2226372200EB8F85 /* ViewController.swift in Sources */ = {isa = PBXBuildFile; fileRef = 9C0842F92226372200EB8F85 /* ViewController.swift */; };
		9C0842FD2226372200EB8F85 /* Main.storyboard in Resources */ = {isa = PBXBuildFile; fileRef = 9C0842FB2226372200EB8F85 /* Main.storyboard */; };
		9C0842FF2226372300EB8F85 /* Assets.xcassets in Resources */ = {isa = PBXBuildFile; fileRef = 9C0842FE2226372300EB8F85 /* Assets.xcassets */; };
		9C0843022226372300EB8F85 /* LaunchScreen.storyboard in Resources */ = {isa = PBXBuildFile; fileRef = 9C0843002226372300EB8F85 /* LaunchScreen.storyboard */; };
		9C9E4FB223D0122500007E6E /* VideoCache.framework in Frameworks */ = {isa = PBXBuildFile; fileRef = 9CB878C6222639B900543226 /* VideoCache.framework */; };
		9C9E4FB323D0122500007E6E /* VideoCache.framework in Embed Frameworks */ = {isa = PBXBuildFile; fileRef = 9CB878C6222639B900543226 /* VideoCache.framework */; settings = {ATTRIBUTES = (CodeSignOnCopy, RemoveHeadersOnCopy, ); }; };
/* End PBXBuildFile section */

/* Begin PBXContainerItemProxy section */
		9CB878C5222639B900543226 /* PBXContainerItemProxy */ = {
			isa = PBXContainerItemProxy;
			containerPortal = 9CB878C1222639B900543226 /* VideoCache.xcodeproj */;
			proxyType = 2;
			remoteGlobalIDString = 9C08420B222530D700EB8F85;
			remoteInfo = VideoCache;
		};
/* End PBXContainerItemProxy section */

/* Begin PBXCopyFilesBuildPhase section */
		9C9E4FB423D0122500007E6E /* Embed Frameworks */ = {
			isa = PBXCopyFilesBuildPhase;
			buildActionMask = 2147483647;
			dstPath = "";
			dstSubfolderSpec = 10;
			files = (
				9C9E4FB323D0122500007E6E /* VideoCache.framework in Embed Frameworks */,
			);
			name = "Embed Frameworks";
			runOnlyForDeploymentPostprocessing = 0;
		};
/* End PBXCopyFilesBuildPhase section */

/* Begin PBXFileReference section */
		9C0842F42226372200EB8F85 /* VideoCacheDemo.app */ = {isa = PBXFileReference; explicitFileType = wrapper.application; includeInIndex = 0; path = VideoCacheDemo.app; sourceTree = BUILT_PRODUCTS_DIR; };
		9C0842F72226372200EB8F85 /* AppDelegate.swift */ = {isa = PBXFileReference; lastKnownFileType = sourcecode.swift; path = AppDelegate.swift; sourceTree = "<group>"; };
		9C0842F92226372200EB8F85 /* ViewController.swift */ = {isa = PBXFileReference; lastKnownFileType = sourcecode.swift; path = ViewController.swift; sourceTree = "<group>"; };
		9C0842FC2226372200EB8F85 /* Base */ = {isa = PBXFileReference; lastKnownFileType = file.storyboard; name = Base; path = Base.lproj/Main.storyboard; sourceTree = "<group>"; };
		9C0842FE2226372300EB8F85 /* Assets.xcassets */ = {isa = PBXFileReference; lastKnownFileType = folder.assetcatalog; path = Assets.xcassets; sourceTree = "<group>"; };
		9C0843012226372300EB8F85 /* Base */ = {isa = PBXFileReference; lastKnownFileType = file.storyboard; name = Base; path = Base.lproj/LaunchScreen.storyboard; sourceTree = "<group>"; };
		9C0843032226372300EB8F85 /* Info.plist */ = {isa = PBXFileReference; lastKnownFileType = text.plist.xml; path = Info.plist; sourceTree = "<group>"; };
		9CB878C1222639B900543226 /* VideoCache.xcodeproj */ = {isa = PBXFileReference; lastKnownFileType = "wrapper.pb-project"; name = VideoCache.xcodeproj; path = ../VideoCache.xcodeproj; sourceTree = "<group>"; };
/* End PBXFileReference section */

/* Begin PBXFrameworksBuildPhase section */
		9C0842F12226372200EB8F85 /* Frameworks */ = {
			isa = PBXFrameworksBuildPhase;
			buildActionMask = 2147483647;
			files = (
				9C9E4FB223D0122500007E6E /* VideoCache.framework in Frameworks */,
			);
			runOnlyForDeploymentPostprocessing = 0;
		};
/* End PBXFrameworksBuildPhase section */

/* Begin PBXGroup section */
		9C0842EB2226372200EB8F85 = {
			isa = PBXGroup;
			children = (
				9CB878C1222639B900543226 /* VideoCache.xcodeproj */,
				9C0842F62226372200EB8F85 /* VideoCacheDemo */,
				9C0842F52226372200EB8F85 /* Products */,
				9C9E4FB123D0122500007E6E /* Frameworks */,
			);
			sourceTree = "<group>";
		};
		9C0842F52226372200EB8F85 /* Products */ = {
			isa = PBXGroup;
			children = (
				9C0842F42226372200EB8F85 /* VideoCacheDemo.app */,
			);
			name = Products;
			sourceTree = "<group>";
		};
		9C0842F62226372200EB8F85 /* VideoCacheDemo */ = {
			isa = PBXGroup;
			children = (
				9C0842F72226372200EB8F85 /* AppDelegate.swift */,
				9C0842F92226372200EB8F85 /* ViewController.swift */,
				9C0842FB2226372200EB8F85 /* Main.storyboard */,
				9C0842FE2226372300EB8F85 /* Assets.xcassets */,
				9C0843002226372300EB8F85 /* LaunchScreen.storyboard */,
				9C0843032226372300EB8F85 /* Info.plist */,
			);
			path = VideoCacheDemo;
			sourceTree = "<group>";
		};
		9C9E4FB123D0122500007E6E /* Frameworks */ = {
			isa = PBXGroup;
			children = (
			);
			name = Frameworks;
			sourceTree = "<group>";
		};
		9CB878C2222639B900543226 /* Products */ = {
			isa = PBXGroup;
			children = (
				9CB878C6222639B900543226 /* VideoCache.framework */,
			);
			name = Products;
			sourceTree = "<group>";
		};
/* End PBXGroup section */

/* Begin PBXNativeTarget section */
		9C0842F32226372200EB8F85 /* VideoCacheDemo */ = {
			isa = PBXNativeTarget;
			buildConfigurationList = 9C0843062226372300EB8F85 /* Build configuration list for PBXNativeTarget "VideoCacheDemo" */;
			buildPhases = (
				9C0842F02226372200EB8F85 /* Sources */,
				9C0842F12226372200EB8F85 /* Frameworks */,
				9C0842F22226372200EB8F85 /* Resources */,
				9C9E4FB423D0122500007E6E /* Embed Frameworks */,
			);
			buildRules = (
			);
			dependencies = (
			);
			name = VideoCacheDemo;
			productName = VideoCacheDemo;
			productReference = 9C0842F42226372200EB8F85 /* VideoCacheDemo.app */;
			productType = "com.apple.product-type.application";
		};
/* End PBXNativeTarget section */

/* Begin PBXProject section */
		9C0842EC2226372200EB8F85 /* Project object */ = {
			isa = PBXProject;
			attributes = {
				LastSwiftUpdateCheck = 1010;
				LastUpgradeCheck = 1010;
				ORGANIZATIONNAME = soso;
				TargetAttributes = {
					9C0842F32226372200EB8F85 = {
						CreatedOnToolsVersion = 10.1;
						LastSwiftMigration = 1110;
					};
				};
			};
			buildConfigurationList = 9C0842EF2226372200EB8F85 /* Build configuration list for PBXProject "VideoCacheDemo" */;
			compatibilityVersion = "Xcode 9.3";
			developmentRegion = en;
			hasScannedForEncodings = 0;
			knownRegions = (
				en,
				Base,
			);
			mainGroup = 9C0842EB2226372200EB8F85;
			productRefGroup = 9C0842F52226372200EB8F85 /* Products */;
			projectDirPath = "";
			projectReferences = (
				{
					ProductGroup = 9CB878C2222639B900543226 /* Products */;
					ProjectRef = 9CB878C1222639B900543226 /* VideoCache.xcodeproj */;
				},
			);
			projectRoot = "";
			targets = (
				9C0842F32226372200EB8F85 /* VideoCacheDemo */,
			);
		};
/* End PBXProject section */

/* Begin PBXReferenceProxy section */
		9CB878C6222639B900543226 /* VideoCache.framework */ = {
			isa = PBXReferenceProxy;
			fileType = wrapper.framework;
			path = VideoCache.framework;
			remoteRef = 9CB878C5222639B900543226 /* PBXContainerItemProxy */;
			sourceTree = BUILT_PRODUCTS_DIR;
		};
/* End PBXReferenceProxy section */

/* Begin PBXResourcesBuildPhase section */
		9C0842F22226372200EB8F85 /* Resources */ = {
			isa = PBXResourcesBuildPhase;
			buildActionMask = 2147483647;
			files = (
				9C0843022226372300EB8F85 /* LaunchScreen.storyboard in Resources */,
				9C0842FF2226372300EB8F85 /* Assets.xcassets in Resources */,
				9C0842FD2226372200EB8F85 /* Main.storyboard in Resources */,
			);
			runOnlyForDeploymentPostprocessing = 0;
		};
/* End PBXResourcesBuildPhase section */

/* Begin PBXSourcesBuildPhase section */
		9C0842F02226372200EB8F85 /* Sources */ = {
			isa = PBXSourcesBuildPhase;
			buildActionMask = 2147483647;
			files = (
				9C0842FA2226372200EB8F85 /* ViewController.swift in Sources */,
				9C0842F82226372200EB8F85 /* AppDelegate.swift in Sources */,
			);
			runOnlyForDeploymentPostprocessing = 0;
		};
/* End PBXSourcesBuildPhase section */

/* Begin PBXVariantGroup section */
		9C0842FB2226372200EB8F85 /* Main.storyboard */ = {
			isa = PBXVariantGroup;
			children = (
				9C0842FC2226372200EB8F85 /* Base */,
			);
			name = Main.storyboard;
			sourceTree = "<group>";
		};
		9C0843002226372300EB8F85 /* LaunchScreen.storyboard */ = {
			isa = PBXVariantGroup;
			children = (
				9C0843012226372300EB8F85 /* Base */,
			);
			name = LaunchScreen.storyboard;
			sourceTree = "<group>";
		};
/* End PBXVariantGroup section */

/* Begin XCBuildConfiguration section */
		9C0843042226372300EB8F85 /* Debug */ = {
			isa = XCBuildConfiguration;
			buildSettings = {
				ALWAYS_SEARCH_USER_PATHS = NO;
				CLANG_ANALYZER_NONNULL = YES;
				CLANG_ANALYZER_NUMBER_OBJECT_CONVERSION = YES_AGGRESSIVE;
				CLANG_CXX_LANGUAGE_STANDARD = "gnu++14";
				CLANG_CXX_LIBRARY = "libc++";
				CLANG_ENABLE_MODULES = YES;
				CLANG_ENABLE_OBJC_ARC = YES;
				CLANG_ENABLE_OBJC_WEAK = YES;
				CLANG_WARN_BLOCK_CAPTURE_AUTORELEASING = YES;
				CLANG_WARN_BOOL_CONVERSION = YES;
				CLANG_WARN_COMMA = YES;
				CLANG_WARN_CONSTANT_CONVERSION = YES;
				CLANG_WARN_DEPRECATED_OBJC_IMPLEMENTATIONS = YES;
				CLANG_WARN_DIRECT_OBJC_ISA_USAGE = YES_ERROR;
				CLANG_WARN_DOCUMENTATION_COMMENTS = YES;
				CLANG_WARN_EMPTY_BODY = YES;
				CLANG_WARN_ENUM_CONVERSION = YES;
				CLANG_WARN_INFINITE_RECURSION = YES;
				CLANG_WARN_INT_CONVERSION = YES;
				CLANG_WARN_NON_LITERAL_NULL_CONVERSION = YES;
				CLANG_WARN_OBJC_IMPLICIT_RETAIN_SELF = YES;
				CLANG_WARN_OBJC_LITERAL_CONVERSION = YES;
				CLANG_WARN_OBJC_ROOT_CLASS = YES_ERROR;
				CLANG_WARN_RANGE_LOOP_ANALYSIS = YES;
				CLANG_WARN_STRICT_PROTOTYPES = YES;
				CLANG_WARN_SUSPICIOUS_MOVE = YES;
				CLANG_WARN_UNGUARDED_AVAILABILITY = YES_AGGRESSIVE;
				CLANG_WARN_UNREACHABLE_CODE = YES;
				CLANG_WARN__DUPLICATE_METHOD_MATCH = YES;
				CODE_SIGN_IDENTITY = "iPhone Developer";
				COPY_PHASE_STRIP = NO;
				DEBUG_INFORMATION_FORMAT = dwarf;
				ENABLE_STRICT_OBJC_MSGSEND = YES;
				ENABLE_TESTABILITY = YES;
				GCC_C_LANGUAGE_STANDARD = gnu11;
				GCC_DYNAMIC_NO_PIC = NO;
				GCC_NO_COMMON_BLOCKS = YES;
				GCC_OPTIMIZATION_LEVEL = 0;
				GCC_PREPROCESSOR_DEFINITIONS = (
					"DEBUG=1",
					"$(inherited)",
				);
				GCC_WARN_64_TO_32_BIT_CONVERSION = YES;
				GCC_WARN_ABOUT_RETURN_TYPE = YES_ERROR;
				GCC_WARN_UNDECLARED_SELECTOR = YES;
				GCC_WARN_UNINITIALIZED_AUTOS = YES_AGGRESSIVE;
				GCC_WARN_UNUSED_FUNCTION = YES;
				GCC_WARN_UNUSED_VARIABLE = YES;
				IPHONEOS_DEPLOYMENT_TARGET = 10.0;
				MTL_ENABLE_DEBUG_INFO = INCLUDE_SOURCE;
				MTL_FAST_MATH = YES;
				ONLY_ACTIVE_ARCH = YES;
				SDKROOT = iphoneos;
				SWIFT_ACTIVE_COMPILATION_CONDITIONS = DEBUG;
				SWIFT_OPTIMIZATION_LEVEL = "-Onone";
			};
			name = Debug;
		};
		9C0843052226372300EB8F85 /* Release */ = {
			isa = XCBuildConfiguration;
			buildSettings = {
				ALWAYS_SEARCH_USER_PATHS = NO;
				CLANG_ANALYZER_NONNULL = YES;
				CLANG_ANALYZER_NUMBER_OBJECT_CONVERSION = YES_AGGRESSIVE;
				CLANG_CXX_LANGUAGE_STANDARD = "gnu++14";
				CLANG_CXX_LIBRARY = "libc++";
				CLANG_ENABLE_MODULES = YES;
				CLANG_ENABLE_OBJC_ARC = YES;
				CLANG_ENABLE_OBJC_WEAK = YES;
				CLANG_WARN_BLOCK_CAPTURE_AUTORELEASING = YES;
				CLANG_WARN_BOOL_CONVERSION = YES;
				CLANG_WARN_COMMA = YES;
				CLANG_WARN_CONSTANT_CONVERSION = YES;
				CLANG_WARN_DEPRECATED_OBJC_IMPLEMENTATIONS = YES;
				CLANG_WARN_DIRECT_OBJC_ISA_USAGE = YES_ERROR;
				CLANG_WARN_DOCUMENTATION_COMMENTS = YES;
				CLANG_WARN_EMPTY_BODY = YES;
				CLANG_WARN_ENUM_CONVERSION = YES;
				CLANG_WARN_INFINITE_RECURSION = YES;
				CLANG_WARN_INT_CONVERSION = YES;
				CLANG_WARN_NON_LITERAL_NULL_CONVERSION = YES;
				CLANG_WARN_OBJC_IMPLICIT_RETAIN_SELF = YES;
				CLANG_WARN_OBJC_LITERAL_CONVERSION = YES;
				CLANG_WARN_OBJC_ROOT_CLASS = YES_ERROR;
				CLANG_WARN_RANGE_LOOP_ANALYSIS = YES;
				CLANG_WARN_STRICT_PROTOTYPES = YES;
				CLANG_WARN_SUSPICIOUS_MOVE = YES;
				CLANG_WARN_UNGUARDED_AVAILABILITY = YES_AGGRESSIVE;
				CLANG_WARN_UNREACHABLE_CODE = YES;
				CLANG_WARN__DUPLICATE_METHOD_MATCH = YES;
				CODE_SIGN_IDENTITY = "iPhone Developer";
				COPY_PHASE_STRIP = NO;
				DEBUG_INFORMATION_FORMAT = "dwarf-with-dsym";
				ENABLE_NS_ASSERTIONS = NO;
				ENABLE_STRICT_OBJC_MSGSEND = YES;
				GCC_C_LANGUAGE_STANDARD = gnu11;
				GCC_NO_COMMON_BLOCKS = YES;
				GCC_WARN_64_TO_32_BIT_CONVERSION = YES;
				GCC_WARN_ABOUT_RETURN_TYPE = YES_ERROR;
				GCC_WARN_UNDECLARED_SELECTOR = YES;
				GCC_WARN_UNINITIALIZED_AUTOS = YES_AGGRESSIVE;
				GCC_WARN_UNUSED_FUNCTION = YES;
				GCC_WARN_UNUSED_VARIABLE = YES;
				IPHONEOS_DEPLOYMENT_TARGET = 10.0;
				MTL_ENABLE_DEBUG_INFO = NO;
				MTL_FAST_MATH = YES;
				SDKROOT = iphoneos;
				SWIFT_COMPILATION_MODE = wholemodule;
				SWIFT_OPTIMIZATION_LEVEL = "-O";
				VALIDATE_PRODUCT = YES;
			};
			name = Release;
		};
		9C0843072226372300EB8F85 /* Debug */ = {
			isa = XCBuildConfiguration;
			buildSettings = {
				ASSETCATALOG_COMPILER_APPICON_NAME = AppIcon;
				CODE_SIGN_STYLE = Automatic;
				DEVELOPMENT_TEAM = W395RC57B2;
				INFOPLIST_FILE = VideoCacheDemo/Info.plist;
				LD_RUNPATH_SEARCH_PATHS = (
					"$(inherited)",
					"@executable_path/Frameworks",
				);
				PRODUCT_BUNDLE_IDENTIFIER = com.putao.VideoCacheDemo;
				PRODUCT_NAME = "$(TARGET_NAME)";
				SWIFT_VERSION = 5.0;
				TARGETED_DEVICE_FAMILY = "1,2";
			};
			name = Debug;
		};
		9C0843082226372300EB8F85 /* Release */ = {
			isa = XCBuildConfiguration;
			buildSettings = {
				ASSETCATALOG_COMPILER_APPICON_NAME = AppIcon;
				CODE_SIGN_STYLE = Automatic;
				DEVELOPMENT_TEAM = W395RC57B2;
				INFOPLIST_FILE = VideoCacheDemo/Info.plist;
				LD_RUNPATH_SEARCH_PATHS = (
					"$(inherited)",
					"@executable_path/Frameworks",
				);
				PRODUCT_BUNDLE_IDENTIFIER = com.putao.VideoCacheDemo;
				PRODUCT_NAME = "$(TARGET_NAME)";
				SWIFT_VERSION = 5.0;
				TARGETED_DEVICE_FAMILY = "1,2";
			};
			name = Release;
		};
/* End XCBuildConfiguration section */

/* Begin XCConfigurationList section */
		9C0842EF2226372200EB8F85 /* Build configuration list for PBXProject "VideoCacheDemo" */ = {
			isa = XCConfigurationList;
			buildConfigurations = (
				9C0843042226372300EB8F85 /* Debug */,
				9C0843052226372300EB8F85 /* Release */,
			);
			defaultConfigurationIsVisible = 0;
			defaultConfigurationName = Release;
		};
		9C0843062226372300EB8F85 /* Build configuration list for PBXNativeTarget "VideoCacheDemo" */ = {
			isa = XCConfigurationList;
			buildConfigurations = (
				9C0843072226372300EB8F85 /* Debug */,
				9C0843082226372300EB8F85 /* Release */,
			);
			defaultConfigurationIsVisible = 0;
			defaultConfigurationName = Release;
		};
/* End XCConfigurationList section */
	};
	rootObject = 9C0842EC2226372200EB8F85 /* Project object */;
}
